# This file is automatically @generated by Poetry 1.5.1 and should not be changed by hand.

[[package]]
name = "exif"
version = "1.6.0"
description = "Read and modify image EXIF metadata using Python."
optional = false
python-versions = ">=3.7"
files = [
    {file = "exif-1.6.0-py3-none-any.whl", hash = "sha256:2d002b5740eb897da43de1e6a8f4ebacf5171b4d0b8bc0182c70aebde1be86d3"},
    {file = "exif-1.6.0.tar.gz", hash = "sha256:36288d1ffc60030084a04c26f50cc32e19383a36cd234fcfa1fb1c6f698e1d36"},
]

[package.dependencies]
plum-py = ">=0.5.0,<2.0.0"

[[package]]
name = "ffmpeg-python"
version = "0.2.0"
description = "Python bindings for FFmpeg - with complex filtering support"
optional = false
python-versions = "*"
files = [
    {file = "ffmpeg-python-0.2.0.tar.gz", hash = "sha256:65225db34627c578ef0e11c8b1eb528bb35e024752f6f10b78c011f6f64c4127"},
    {file = "ffmpeg_python-0.2.0-py3-none-any.whl", hash = "sha256:ac441a0404e053f8b6a1113a77c0f452f1cfc62f6344a769475ffdc0f56c23c5"},
]

[package.dependencies]
future = "*"

[package.extras]
dev = ["Sphinx (==2.1.0)", "future (==0.17.1)", "numpy (==1.16.4)", "pytest (==4.6.1)", "pytest-mock (==1.10.4)", "tox (==3.12.1)"]

[[package]]
name = "future"
version = "1.0.0"
description = "Clean single-source support for Python 3 and 2"
optional = false
python-versions = ">=2.6, !=3.0.*, !=3.1.*, !=3.2.*"
files = [
    {file = "future-1.0.0-py3-none-any.whl", hash = "sha256:929292d34f5872e70396626ef385ec22355a1fae8ad29e1a734c3e43f9fbc216"},
    {file = "future-1.0.0.tar.gz", hash = "sha256:bd2968309307861edae1458a4f8a4f3598c03be43b97521076aebf5d94c07b05"},
]

[[package]]
name = "plum-py"
version = "0.8.7"
description = "Pack/Unpack Memory."
optional = false
python-versions = ">=3.6"
files = [
    {file = "plum-py-0.8.7.tar.gz", hash = "sha256:40a25a70f7fd213f57cdd1decc65874df2d213d19d63478a1addcca748c13c4e"},
    {file = "plum_py-0.8.7-py3-none-any.whl", hash = "sha256:d791f059ef159adbe3c3b036557b5b431fa07db226a9de106a74e5e57441741d"},
]

[metadata]
lock-version = "2.0"
python-versions = "^3.7"
content-hash = "4e131fb9856ef8e7028045378045d5eeebce65a744a35c33edc66cfb2d219ab8"
